// !$*UTF8*$!
{
	archiveVersion = 1;
	classes = {
	};
	objectVersion = 50;
	objects = {

/* Begin PBXBuildFile section */
		F840075A269D4BD200771177 /* SchoolData.swift in Sources */ = {isa = PBXBuildFile; fileRef = F8400759269D4BD200771177 /* SchoolData.swift */; };
		F840075D269D4C0700771177 /* School.swift in Sources */ = {isa = PBXBuildFile; fileRef = F840075C269D4C0700771177 /* School.swift */; };
		F8400760269D4CC100771177 /* Constants.swift in Sources */ = {isa = PBXBuildFile; fileRef = F840075F269D4CC100771177 /* Constants.swift */; };
		F8400764269D5F8100771177 /* SchoolListTableViewCell.swift in Sources */ = {isa = PBXBuildFile; fileRef = F8400762269D5F8100771177 /* SchoolListTableViewCell.swift */; };
		F8400765269D5F8100771177 /* SchoolListTableViewCell.xib in Resources */ = {isa = PBXBuildFile; fileRef = F8400763269D5F8100771177 /* SchoolListTableViewCell.xib */; };
		F8400768269D685E00771177 /* SchoolDetailsViewController.swift in Sources */ = {isa = PBXBuildFile; fileRef = F8400767269D685E00771177 /* SchoolDetailsViewController.swift */; };
		F840076B269E0F7800771177 /* SATScore.swift in Sources */ = {isa = PBXBuildFile; fileRef = F840076A269E0F7800771177 /* SATScore.swift */; };
		F840076F269E573400771177 /* FavoriteSchoolDetailViewController.swift in Sources */ = {isa = PBXBuildFile; fileRef = F840076E269E573400771177 /* FavoriteSchoolDetailViewController.swift */; };
		F8883587269D2DC500AA3ABC /* AppDelegate.swift in Sources */ = {isa = PBXBuildFile; fileRef = F8883586269D2DC500AA3ABC /* AppDelegate.swift */; };
		F8883589269D2DC500AA3ABC /* SceneDelegate.swift in Sources */ = {isa = PBXBuildFile; fileRef = F8883588269D2DC500AA3ABC /* SceneDelegate.swift */; };
		F888358E269D2DC500AA3ABC /* Main.storyboard in Resources */ = {isa = PBXBuildFile; fileRef = F888358C269D2DC500AA3ABC /* Main.storyboard */; };
		F8883591269D2DC500AA3ABC /* _0210712_Revathithangavelu_NYCSchools.xcdatamodeld in Sources */ = {isa = PBXBuildFile; fileRef = F888358F269D2DC500AA3ABC /* _0210712_Revathithangavelu_NYCSchools.xcdatamodeld */; };
		F8883593269D2DC800AA3ABC /* Assets.xcassets in Resources */ = {isa = PBXBuildFile; fileRef = F8883592269D2DC800AA3ABC /* Assets.xcassets */; };
		F8883596269D2DC800AA3ABC /* LaunchScreen.storyboard in Resources */ = {isa = PBXBuildFile; fileRef = F8883594269D2DC800AA3ABC /* LaunchScreen.storyboard */; };
		F88835A0269D2EC300AA3ABC /* SchoolListViewController.swift in Sources */ = {isa = PBXBuildFile; fileRef = F888359F269D2EC300AA3ABC /* SchoolListViewController.swift */; };
		F88835A3269D2ED800AA3ABC /* FavoritesViewController.swift in Sources */ = {isa = PBXBuildFile; fileRef = F88835A2269D2ED800AA3ABC /* FavoritesViewController.swift */; };
		F88835AB269D48B700AA3ABC /* SchoolDataManager.swift in Sources */ = {isa = PBXBuildFile; fileRef = F88835AA269D48B700AA3ABC /* SchoolDataManager.swift */; };
		F8F6089D269EB03E00263085 /* FavoriteSchoolListTableViewCell.swift in Sources */ = {isa = PBXBuildFile; fileRef = F8F6089B269EB03E00263085 /* FavoriteSchoolListTableViewCell.swift */; };
		F8F6089E269EB03E00263085 /* FavoriteSchoolListTableViewCell.xib in Resources */ = {isa = PBXBuildFile; fileRef = F8F6089C269EB03E00263085 /* FavoriteSchoolListTableViewCell.xib */; };
/* End PBXBuildFile section */

/* Begin PBXFileReference section */
		F8400759269D4BD200771177 /* SchoolData.swift */ = {isa = PBXFileReference; lastKnownFileType = sourcecode.swift; path = SchoolData.swift; sourceTree = "<group>"; };
		F840075C269D4C0700771177 /* School.swift */ = {isa = PBXFileReference; lastKnownFileType = sourcecode.swift; path = School.swift; sourceTree = "<group>"; };
		F840075F269D4CC100771177 /* Constants.swift */ = {isa = PBXFileReference; lastKnownFileType = sourcecode.swift; path = Constants.swift; sourceTree = "<group>"; };
		F8400762269D5F8100771177 /* SchoolListTableViewCell.swift */ = {isa = PBXFileReference; lastKnownFileType = sourcecode.swift; path = SchoolListTableViewCell.swift; sourceTree = "<group>"; };
		F8400763269D5F8100771177 /* SchoolListTableViewCell.xib */ = {isa = PBXFileReference; lastKnownFileType = file.xib; path = SchoolListTableViewCell.xib; sourceTree = "<group>"; };
		F8400767269D685E00771177 /* SchoolDetailsViewController.swift */ = {isa = PBXFileReference; lastKnownFileType = sourcecode.swift; path = SchoolDetailsViewController.swift; sourceTree = "<group>"; };
		F840076A269E0F7800771177 /* SATScore.swift */ = {isa = PBXFileReference; lastKnownFileType = sourcecode.swift; path = SATScore.swift; sourceTree = "<group>"; };
		F840076E269E573400771177 /* FavoriteSchoolDetailViewController.swift */ = {isa = PBXFileReference; lastKnownFileType = sourcecode.swift; path = FavoriteSchoolDetailViewController.swift; sourceTree = "<group>"; };
		F8883583269D2DC500AA3ABC /* 20210712-Revathithangavelu-NYCSchools.app */ = {isa = PBXFileReference; explicitFileType = wrapper.application; includeInIndex = 0; path = "20210712-Revathithangavelu-NYCSchools.app"; sourceTree = BUILT_PRODUCTS_DIR; };
		F8883586269D2DC500AA3ABC /* AppDelegate.swift */ = {isa = PBXFileReference; lastKnownFileType = sourcecode.swift; path = AppDelegate.swift; sourceTree = "<group>"; };
		F8883588269D2DC500AA3ABC /* SceneDelegate.swift */ = {isa = PBXFileReference; lastKnownFileType = sourcecode.swift; path = SceneDelegate.swift; sourceTree = "<group>"; };
		F888358D269D2DC500AA3ABC /* Base */ = {isa = PBXFileReference; lastKnownFileType = file.storyboard; name = Base; path = Base.lproj/Main.storyboard; sourceTree = "<group>"; };
		F8883590269D2DC500AA3ABC /* _0210712_Revathithangavelu_NYCSchools.xcdatamodel */ = {isa = PBXFileReference; lastKnownFileType = wrapper.xcdatamodel; path = _0210712_Revathithangavelu_NYCSchools.xcdatamodel; sourceTree = "<group>"; };
		F8883592269D2DC800AA3ABC /* Assets.xcassets */ = {isa = PBXFileReference; lastKnownFileType = folder.assetcatalog; path = Assets.xcassets; sourceTree = "<group>"; };
		F8883595269D2DC800AA3ABC /* Base */ = {isa = PBXFileReference; lastKnownFileType = file.storyboard; name = Base; path = Base.lproj/LaunchScreen.storyboard; sourceTree = "<group>"; };
		F8883597269D2DC800AA3ABC /* Info.plist */ = {isa = PBXFileReference; lastKnownFileType = text.plist.xml; path = Info.plist; sourceTree = "<group>"; };
		F888359F269D2EC300AA3ABC /* SchoolListViewController.swift */ = {isa = PBXFileReference; lastKnownFileType = sourcecode.swift; path = SchoolListViewController.swift; sourceTree = "<group>"; };
		F88835A2269D2ED800AA3ABC /* FavoritesViewController.swift */ = {isa = PBXFileReference; lastKnownFileType = sourcecode.swift; path = FavoritesViewController.swift; sourceTree = "<group>"; };
		F88835AA269D48B700AA3ABC /* SchoolDataManager.swift */ = {isa = PBXFileReference; lastKnownFileType = sourcecode.swift; path = SchoolDataManager.swift; sourceTree = "<group>"; };
		F8F6089B269EB03E00263085 /* FavoriteSchoolListTableViewCell.swift */ = {isa = PBXFileReference; lastKnownFileType = sourcecode.swift; path = FavoriteSchoolListTableViewCell.swift; sourceTree = "<group>"; };
		F8F6089C269EB03E00263085 /* FavoriteSchoolListTableViewCell.xib */ = {isa = PBXFileReference; lastKnownFileType = file.xib; path = FavoriteSchoolListTableViewCell.xib; sourceTree = "<group>"; };
/* End PBXFileReference section */

/* Begin PBXFrameworksBuildPhase section */
		F8883580269D2DC500AA3ABC /* Frameworks */ = {
			isa = PBXFrameworksBuildPhase;
			buildActionMask = 2147483647;
			files = (
			);
			runOnlyForDeploymentPostprocessing = 0;
		};
/* End PBXFrameworksBuildPhase section */

/* Begin PBXGroup section */
		F888357A269D2DC500AA3ABC = {
			isa = PBXGroup;
			children = (
				F8883585269D2DC500AA3ABC /* 20210712-Revathithangavelu-NYCSchools */,
				F8883584269D2DC500AA3ABC /* Products */,
			);
			sourceTree = "<group>";
		};
		F8883584269D2DC500AA3ABC /* Products */ = {
			isa = PBXGroup;
			children = (
				F8883583269D2DC500AA3ABC /* 20210712-Revathithangavelu-NYCSchools.app */,
			);
			name = Products;
			sourceTree = "<group>";
		};
		F8883585269D2DC500AA3ABC /* 20210712-Revathithangavelu-NYCSchools */ = {
			isa = PBXGroup;
			children = (
				F88835A6269D2EE700AA3ABC /* Model */,
				F88835A5269D2EDF00AA3ABC /* Controller */,
				F888359E269D2EA000AA3ABC /* View */,
				F8883586269D2DC500AA3ABC /* AppDelegate.swift */,
				F8883588269D2DC500AA3ABC /* SceneDelegate.swift */,
				F8883592269D2DC800AA3ABC /* Assets.xcassets */,
				F8883594269D2DC800AA3ABC /* LaunchScreen.storyboard */,
				F8883597269D2DC800AA3ABC /* Info.plist */,
				F888358F269D2DC500AA3ABC /* _0210712_Revathithangavelu_NYCSchools.xcdatamodeld */,
				F840075F269D4CC100771177 /* Constants.swift */,
			);
			path = "20210712-Revathithangavelu-NYCSchools";
			sourceTree = "<group>";
		};
		F888359E269D2EA000AA3ABC /* View */ = {
			isa = PBXGroup;
			children = (
				F888358C269D2DC500AA3ABC /* Main.storyboard */,
				F8400762269D5F8100771177 /* SchoolListTableViewCell.swift */,
				F8400763269D5F8100771177 /* SchoolListTableViewCell.xib */,
				F8F6089B269EB03E00263085 /* FavoriteSchoolListTableViewCell.swift */,
				F8F6089C269EB03E00263085 /* FavoriteSchoolListTableViewCell.xib */,
			);
			path = View;
			sourceTree = "<group>";
		};
		F88835A5269D2EDF00AA3ABC /* Controller */ = {
			isa = PBXGroup;
			children = (
				F888359F269D2EC300AA3ABC /* SchoolListViewController.swift */,
				F88835A2269D2ED800AA3ABC /* FavoritesViewController.swift */,
				F8400767269D685E00771177 /* SchoolDetailsViewController.swift */,
				F840076E269E573400771177 /* FavoriteSchoolDetailViewController.swift */,
			);
			path = Controller;
			sourceTree = "<group>";
		};
		F88835A6269D2EE700AA3ABC /* Model */ = {
			isa = PBXGroup;
			children = (
				F88835AA269D48B700AA3ABC /* SchoolDataManager.swift */,
				F8400759269D4BD200771177 /* SchoolData.swift */,
				F840075C269D4C0700771177 /* School.swift */,
				F840076A269E0F7800771177 /* SATScore.swift */,
			);
			path = Model;
			sourceTree = "<group>";
		};
/* End PBXGroup section */

/* Begin PBXNativeTarget section */
		F8883582269D2DC500AA3ABC /* 20210712-Revathithangavelu-NYCSchools */ = {
			isa = PBXNativeTarget;
			buildConfigurationList = F888359A269D2DC800AA3ABC /* Build configuration list for PBXNativeTarget "20210712-Revathithangavelu-NYCSchools" */;
			buildPhases = (
				F888357F269D2DC500AA3ABC /* Sources */,
				F8883580269D2DC500AA3ABC /* Frameworks */,
				F8883581269D2DC500AA3ABC /* Resources */,
			);
			buildRules = (
			);
			dependencies = (
			);
			name = "20210712-Revathithangavelu-NYCSchools";
			productName = "20210712-Revathithangavelu-NYCSchools";
			productReference = F8883583269D2DC500AA3ABC /* 20210712-Revathithangavelu-NYCSchools.app */;
			productType = "com.apple.product-type.application";
		};
/* End PBXNativeTarget section */

/* Begin PBXProject section */
		F888357B269D2DC500AA3ABC /* Project object */ = {
			isa = PBXProject;
			attributes = {
				LastSwiftUpdateCheck = 1230;
				LastUpgradeCheck = 1230;
				TargetAttributes = {
					F8883582269D2DC500AA3ABC = {
						CreatedOnToolsVersion = 12.3;
					};
				};
			};
			buildConfigurationList = F888357E269D2DC500AA3ABC /* Build configuration list for PBXProject "20210712-Revathithangavelu-NYCSchools" */;
			compatibilityVersion = "Xcode 9.3";
			developmentRegion = en;
			hasScannedForEncodings = 0;
			knownRegions = (
				en,
				Base,
			);
			mainGroup = F888357A269D2DC500AA3ABC;
			productRefGroup = F8883584269D2DC500AA3ABC /* Products */;
			projectDirPath = "";
			projectRoot = "";
			targets = (
				F8883582269D2DC500AA3ABC /* 20210712-Revathithangavelu-NYCSchools */,
			);
		};
/* End PBXProject section */

/* Begin PBXResourcesBuildPhase section */
		F8883581269D2DC500AA3ABC /* Resources */ = {
			isa = PBXResourcesBuildPhase;
			buildActionMask = 2147483647;
			files = (
				F8883596269D2DC800AA3ABC /* LaunchScreen.storyboard in Resources */,
				F8F6089E269EB03E00263085 /* FavoriteSchoolListTableViewCell.xib in Resources */,
				F8883593269D2DC800AA3ABC /* Assets.xcassets in Resources */,
				F888358E269D2DC500AA3ABC /* Main.storyboard in Resources */,
				F8400765269D5F8100771177 /* SchoolListTableViewCell.xib in Resources */,
			);
			runOnlyForDeploymentPostprocessing = 0;
		};
/* End PBXResourcesBuildPhase section */

/* Begin PBXSourcesBuildPhase section */
		F888357F269D2DC500AA3ABC /* Sources */ = {
			isa = PBXSourcesBuildPhase;
			buildActionMask = 2147483647;
			files = (
				F8883587269D2DC500AA3ABC /* AppDelegate.swift in Sources */,
				F88835AB269D48B700AA3ABC /* SchoolDataManager.swift in Sources */,
				F840075A269D4BD200771177 /* SchoolData.swift in Sources */,
				F8F6089D269EB03E00263085 /* FavoriteSchoolListTableViewCell.swift in Sources */,
				F8883589269D2DC500AA3ABC /* SceneDelegate.swift in Sources */,
				F8883591269D2DC500AA3ABC /* _0210712_Revathithangavelu_NYCSchools.xcdatamodeld in Sources */,
				F88835A3269D2ED800AA3ABC /* FavoritesViewController.swift in Sources */,
				F8400768269D685E00771177 /* SchoolDetailsViewController.swift in Sources */,
				F88835A0269D2EC300AA3ABC /* SchoolListViewController.swift in Sources */,
				F8400764269D5F8100771177 /* SchoolListTableViewCell.swift in Sources */,
				F840076B269E0F7800771177 /* SATScore.swift in Sources */,
				F840076F269E573400771177 /* FavoriteSchoolDetailViewController.swift in Sources */,
				F840075D269D4C0700771177 /* School.swift in Sources */,
				F8400760269D4CC100771177 /* Constants.swift in Sources */,
			);
			runOnlyForDeploymentPostprocessing = 0;
		};
/* End PBXSourcesBuildPhase section */

/* Begin PBXVariantGroup section */
		F888358C269D2DC500AA3ABC /* Main.storyboard */ = {
			isa = PBXVariantGroup;
			children = (
				F888358D269D2DC500AA3ABC /* Base */,
			);
			name = Main.storyboard;
			sourceTree = "<group>";
		};
		F8883594269D2DC800AA3ABC /* LaunchScreen.storyboard */ = {
			isa = PBXVariantGroup;
			children = (
				F8883595269D2DC800AA3ABC /* Base */,
			);
			name = LaunchScreen.storyboard;
			sourceTree = "<group>";
		};
/* End PBXVariantGroup section */

/* Begin XCBuildConfiguration section */
		F8883598269D2DC800AA3ABC /* Debug */ = {
			isa = XCBuildConfiguration;
			buildSettings = {
				ALWAYS_SEARCH_USER_PATHS = NO;
				CLANG_ANALYZER_NONNULL = YES;
				CLANG_ANALYZER_NUMBER_OBJECT_CONVERSION = YES_AGGRESSIVE;
				CLANG_CXX_LANGUAGE_STANDARD = "gnu++14";
				CLANG_CXX_LIBRARY = "libc++";
				CLANG_ENABLE_MODULES = YES;
				CLANG_ENABLE_OBJC_ARC = YES;
				CLANG_ENABLE_OBJC_WEAK = YES;
				CLANG_WARN_BLOCK_CAPTURE_AUTORELEASING = YES;
				CLANG_WARN_BOOL_CONVERSION = YES;
				CLANG_WARN_COMMA = YES;
				CLANG_WARN_CONSTANT_CONVERSION = YES;
				CLANG_WARN_DEPRECATED_OBJC_IMPLEMENTATIONS = YES;
				CLANG_WARN_DIRECT_OBJC_ISA_USAGE = YES_ERROR;
				CLANG_WARN_DOCUMENTATION_COMMENTS = YES;
				CLANG_WARN_EMPTY_BODY = YES;
				CLANG_WARN_ENUM_CONVERSION = YES;
				CLANG_WARN_INFINITE_RECURSION = YES;
				CLANG_WARN_INT_CONVERSION = YES;
				CLANG_WARN_NON_LITERAL_NULL_CONVERSION = YES;
				CLANG_WARN_OBJC_IMPLICIT_RETAIN_SELF = YES;
				CLANG_WARN_OBJC_LITERAL_CONVERSION = YES;
				CLANG_WARN_OBJC_ROOT_CLASS = YES_ERROR;
				CLANG_WARN_QUOTED_INCLUDE_IN_FRAMEWORK_HEADER = YES;
				CLANG_WARN_RANGE_LOOP_ANALYSIS = YES;
				CLANG_WARN_STRICT_PROTOTYPES = YES;
				CLANG_WARN_SUSPICIOUS_MOVE = YES;
				CLANG_WARN_UNGUARDED_AVAILABILITY = YES_AGGRESSIVE;
				CLANG_WARN_UNREACHABLE_CODE = YES;
				CLANG_WARN__DUPLICATE_METHOD_MATCH = YES;
				COPY_PHASE_STRIP = NO;
				DEBUG_INFORMATION_FORMAT = dwarf;
				ENABLE_STRICT_OBJC_MSGSEND = YES;
				ENABLE_TESTABILITY = YES;
				GCC_C_LANGUAGE_STANDARD = gnu11;
				GCC_DYNAMIC_NO_PIC = NO;
				GCC_NO_COMMON_BLOCKS = YES;
				GCC_OPTIMIZATION_LEVEL = 0;
				GCC_PREPROCESSOR_DEFINITIONS = (
					"DEBUG=1",
					"$(inherited)",
				);
				GCC_WARN_64_TO_32_BIT_CONVERSION = YES;
				GCC_WARN_ABOUT_RETURN_TYPE = YES_ERROR;
				GCC_WARN_UNDECLARED_SELECTOR = YES;
				GCC_WARN_UNINITIALIZED_AUTOS = YES_AGGRESSIVE;
				GCC_WARN_UNUSED_FUNCTION = YES;
				GCC_WARN_UNUSED_VARIABLE = YES;
				IPHONEOS_DEPLOYMENT_TARGET = 14.3;
				MTL_ENABLE_DEBUG_INFO = INCLUDE_SOURCE;
				MTL_FAST_MATH = YES;
				ONLY_ACTIVE_ARCH = YES;
				SDKROOT = iphoneos;
				SWIFT_ACTIVE_COMPILATION_CONDITIONS = DEBUG;
				SWIFT_OPTIMIZATION_LEVEL = "-Onone";
			};
			name = Debug;
		};
		F8883599269D2DC800AA3ABC /* Release */ = {
			isa = XCBuildConfiguration;
			buildSettings = {
				ALWAYS_SEARCH_USER_PATHS = NO;
				CLANG_ANALYZER_NONNULL = YES;
				CLANG_ANALYZER_NUMBER_OBJECT_CONVERSION = YES_AGGRESSIVE;
				CLANG_CXX_LANGUAGE_STANDARD = "gnu++14";
				CLANG_CXX_LIBRARY = "libc++";
				CLANG_ENABLE_MODULES = YES;
				CLANG_ENABLE_OBJC_ARC = YES;
				CLANG_ENABLE_OBJC_WEAK = YES;
				CLANG_WARN_BLOCK_CAPTURE_AUTORELEASING = YES;
				CLANG_WARN_BOOL_CONVERSION = YES;
				CLANG_WARN_COMMA = YES;
				CLANG_WARN_CONSTANT_CONVERSION = YES;
				CLANG_WARN_DEPRECATED_OBJC_IMPLEMENTATIONS = YES;
				CLANG_WARN_DIRECT_OBJC_ISA_USAGE = YES_ERROR;
				CLANG_WARN_DOCUMENTATION_COMMENTS = YES;
				CLANG_WARN_EMPTY_BODY = YES;
				CLANG_WARN_ENUM_CONVERSION = YES;
				CLANG_WARN_INFINITE_RECURSION = YES;
				CLANG_WARN_INT_CONVERSION = YES;
				CLANG_WARN_NON_LITERAL_NULL_CONVERSION = YES;
				CLANG_WARN_OBJC_IMPLICIT_RETAIN_SELF = YES;
				CLANG_WARN_OBJC_LITERAL_CONVERSION = YES;
				CLANG_WARN_OBJC_ROOT_CLASS = YES_ERROR;
				CLANG_WARN_QUOTED_INCLUDE_IN_FRAMEWORK_HEADER = YES;
				CLANG_WARN_RANGE_LOOP_ANALYSIS = YES;
				CLANG_WARN_STRICT_PROTOTYPES = YES;
				CLANG_WARN_SUSPICIOUS_MOVE = YES;
				CLANG_WARN_UNGUARDED_AVAILABILITY = YES_AGGRESSIVE;
				CLANG_WARN_UNREACHABLE_CODE = YES;
				CLANG_WARN__DUPLICATE_METHOD_MATCH = YES;
				COPY_PHASE_STRIP = NO;
				DEBUG_INFORMATION_FORMAT = "dwarf-with-dsym";
				ENABLE_NS_ASSERTIONS = NO;
				ENABLE_STRICT_OBJC_MSGSEND = YES;
				GCC_C_LANGUAGE_STANDARD = gnu11;
				GCC_NO_COMMON_BLOCKS = YES;
				GCC_WARN_64_TO_32_BIT_CONVERSION = YES;
				GCC_WARN_ABOUT_RETURN_TYPE = YES_ERROR;
				GCC_WARN_UNDECLARED_SELECTOR = YES;
				GCC_WARN_UNINITIALIZED_AUTOS = YES_AGGRESSIVE;
				GCC_WARN_UNUSED_FUNCTION = YES;
				GCC_WARN_UNUSED_VARIABLE = YES;
				IPHONEOS_DEPLOYMENT_TARGET = 14.3;
				MTL_ENABLE_DEBUG_INFO = NO;
				MTL_FAST_MATH = YES;
				SDKROOT = iphoneos;
				SWIFT_COMPILATION_MODE = wholemodule;
				SWIFT_OPTIMIZATION_LEVEL = "-O";
				VALIDATE_PRODUCT = YES;
			};
			name = Release;
		};
		F888359B269D2DC800AA3ABC /* Debug */ = {
			isa = XCBuildConfiguration;
			buildSettings = {
				ASSETCATALOG_COMPILER_APPICON_NAME = AppIcon;
				ASSETCATALOG_COMPILER_GLOBAL_ACCENT_COLOR_NAME = AccentColor;
				CODE_SIGN_STYLE = Automatic;
				INFOPLIST_FILE = "20210712-Revathithangavelu-NYCSchools/Info.plist";
				LD_RUNPATH_SEARCH_PATHS = (
					"$(inherited)",
					"@executable_path/Frameworks",
				);
				PRODUCT_BUNDLE_IDENTIFIER = "home.-0210712-Revathithangavelu-NYCSchools";
				PRODUCT_NAME = "$(TARGET_NAME)";
				SWIFT_VERSION = 5.0;
				TARGETED_DEVICE_FAMILY = "1,2";
			};
			name = Debug;
		};
		F888359C269D2DC800AA3ABC /* Release */ = {
			isa = XCBuildConfiguration;
			buildSettings = {
				ASSETCATALOG_COMPILER_APPICON_NAME = AppIcon;
				ASSETCATALOG_COMPILER_GLOBAL_ACCENT_COLOR_NAME = AccentColor;
				CODE_SIGN_STYLE = Automatic;
				INFOPLIST_FILE = "20210712-Revathithangavelu-NYCSchools/Info.plist";
				LD_RUNPATH_SEARCH_PATHS = (
					"$(inherited)",
					"@executable_path/Frameworks",
				);
				PRODUCT_BUNDLE_IDENTIFIER = "home.-0210712-Revathithangavelu-NYCSchools";
				PRODUCT_NAME = "$(TARGET_NAME)";
				SWIFT_VERSION = 5.0;
				TARGETED_DEVICE_FAMILY = "1,2";
			};
			name = Release;
		};
/* End XCBuildConfiguration section */

/* Begin XCConfigurationList section */
		F888357E269D2DC500AA3ABC /* Build configuration list for PBXProject "20210712-Revathithangavelu-NYCSchools" */ = {
			isa = XCConfigurationList;
			buildConfigurations = (
				F8883598269D2DC800AA3ABC /* Debug */,
				F8883599269D2DC800AA3ABC /* Release */,
			);
			defaultConfigurationIsVisible = 0;
			defaultConfigurationName = Release;
		};
		F888359A269D2DC800AA3ABC /* Build configuration list for PBXNativeTarget "20210712-Revathithangavelu-NYCSchools" */ = {
			isa = XCConfigurationList;
			buildConfigurations = (
				F888359B269D2DC800AA3ABC /* Debug */,
				F888359C269D2DC800AA3ABC /* Release */,
			);
			defaultConfigurationIsVisible = 0;
			defaultConfigurationName = Release;
		};
/* End XCConfigurationList section */

/* Begin XCVersionGroup section */
		F888358F269D2DC500AA3ABC /* _0210712_Revathithangavelu_NYCSchools.xcdatamodeld */ = {
			isa = XCVersionGroup;
			children = (
				F8883590269D2DC500AA3ABC /* _0210712_Revathithangavelu_NYCSchools.xcdatamodel */,
			);
			currentVersion = F8883590269D2DC500AA3ABC /* _0210712_Revathithangavelu_NYCSchools.xcdatamodel */;
			path = _0210712_Revathithangavelu_NYCSchools.xcdatamodeld;
			sourceTree = "<group>";
			versionGroupType = wrapper.xcdatamodel;
		};
/* End XCVersionGroup section */
	};
	rootObject = F888357B269D2DC500AA3ABC /* Project object */;
}
